
Microsoft Visual Studio Solution File, Format Version 12.00
# Visual Studio 2013
VisualStudioVersion = 12.0.40629.0
MinimumVisualStudioVersion = 10.0.40219.1
Project("{FAE04EC0-301F-11D3-BF4B-00C04F79EFBC}") = "EntityOnPostgres2", "EntityOnPostgres2\EntityOnPostgres2.csproj", "{A82317D8-6066-4C5E-9F71-BFC35EAD5F24}"
EndProject
Project("{FAE04EC0-301F-11D3-BF4B-00C04F79EFBC}") = "Entities", "Entities\Entities.csproj", "{249085B6-0D68-4107-BFC1-23639DE25DF7}"
EndProject
Project("{FAE04EC0-301F-11D3-BF4B-00C04F79EFBC}") = "Business", "Business\Business.csproj", "{D373B263-7EFA-4DB2-AE57-E1CB8EC5D82C}"
EndProject
Project("{FAE04EC0-301F-11D3-BF4B-00C04F79EFBC}") = "Dao", "Dao\Dao.csproj", "{A3CE89E1-5D82-4063-8C25-7EFA31A222AD}"
EndProject
Global
	GlobalSection(SolutionConfigurationPlatforms) = preSolution
		Debug|Any CPU = Debug|Any CPU
		Release|Any CPU = Release|Any CPU
	EndGlobalSection
	GlobalSection(ProjectConfigurationPlatforms) = postSolution
		{A82317D8-6066-4C5E-9F71-BFC35EAD5F24}.Debug|Any CPU.ActiveCfg = Debug|Any CPU
		{A82317D8-6066-4C5E-9F71-BFC35EAD5F24}.Debug|Any CPU.Build.0 = Debug|Any CPU
		{A82317D8-6066-4C5E-9F71-BFC35EAD5F24}.Release|Any CPU.ActiveCfg = Release|Any CPU
		{A82317D8-6066-4C5E-9F71-BFC35EAD5F24}.Release|Any CPU.Build.0 = Release|Any CPU
		{249085B6-0D68-4107-BFC1-23639DE25DF7}.Debug|Any CPU.ActiveCfg = Debug|Any CPU
		{249085B6-0D68-4107-BFC1-23639DE25DF7}.Debug|Any CPU.Build.0 = Debug|Any CPU
		{249085B6-0D68-4107-BFC1-23639DE25DF7}.Release|Any CPU.ActiveCfg = Release|Any CPU
		{249085B6-0D68-4107-BFC1-23639DE25DF7}.Release|Any CPU.Build.0 = Release|Any CPU
		{D373B263-7EFA-4DB2-AE57-E1CB8EC5D82C}.Debug|Any CPU.ActiveCfg = Debug|Any CPU
		{D373B263-7EFA-4DB2-AE57-E1CB8EC5D82C}.Debug|Any CPU.Build.0 = Debug|Any CPU
		{D373B263-7EFA-4DB2-AE57-E1CB8EC5D82C}.Release|Any CPU.ActiveCfg = Release|Any CPU
		{D373B263-7EFA-4DB2-AE57-E1CB8EC5D82C}.Release|Any CPU.Build.0 = Release|Any CPU
		{A3CE89E1-5D82-4063-8C25-7EFA31A222AD}.Debug|Any CPU.ActiveCfg = Debug|Any CPU
		{A3CE89E1-5D82-4063-8C25-7EFA31A222AD}.Debug|Any CPU.Build.0 = Debug|Any CPU
		{A3CE89E1-5D82-4063-8C25-7EFA31A222AD}.Release|Any CPU.ActiveCfg = Release|Any CPU
		{A3CE89E1-5D82-4063-8C25-7EFA31A222AD}.Release|Any CPU.Build.0 = Release|Any CPU
	EndGlobalSection
	GlobalSection(SolutionProperties) = preSolution
		HideSolutionNode = FALSE
	EndGlobalSection
EndGlobal
